{
  "nodes": {
    "UMNN": {
      "inputs": {
        "nixpkgs": [
          "nflows",
          "nixpkgs"
        ]
      },
      "locked": {
        "lastModified": 1790944404,
        "narHash": "sha256-sHNYeX0ZWLuHser6k/tF9KM6EfAIDb90/mzOoxjsmdE=",
        "owner": "Filippo-Galli",
        "repo": "UMNN",
        "rev": "93bb7a1f1b440f5c27ce541ba4a53fde1bdf1df9",
        "type": "github"
      },
      "original": {
        "owner": "Filippo-Galli",
        "repo": "UMNN",
        "type": "github"
      }
    },
    "nflows": {
      "inputs": {
        "UMNN": "UMNN",
        "nixpkgs": [
          "nixpkgs"
        ]
      },
      "locked": {
        "lastModified": 1790945644,
        "narHash": "sha256-aWpYpUMn/uaHbjLmLJJ42EZt9G9hOUL0RCgy5ZgkGQA=",
        "owner": "Filippo-Galli",
        "repo": "nflows",
        "rev": "228ae1eea4496ec7304b7d9d21160d6f20a8cecf",
        "type": "github"
      },
      "original": {
        "owner": "Filippo-Galli",
        "repo": "nflows",
        "type": "github"
      }
    },
    "nixpkgs": {
      "locked": {
        "lastModified": 1790822859,
        "narHash": "sha256-69xHQhAeMAD2wDXO7T2pcOZIF9Sga2W+JkmY2a11Ops=",
        "owner": "NixOS",
        "repo": "nixpkgs",
        "rev": "c59305bab2065cfecc4944690d9eedbb56f3a9fa",
        "type": "github"
      },
      "original": {
        "owner": "NixOS",
        "ref": "nixos-unstable",
        "repo": "nixpkgs",
        "type": "github"
      }
    },
    "root": {
      "inputs": {
        "nflows": "nflows",
        "nixpkgs": "nixpkgs",
        "torchtestcase": "torchtestcase",
        "zuko": "zuko"
      }
    },
    "torchtestcase": {
      "inputs": {
        "nixpkgs": [
          "nixpkgs"
        ]
      },
      "locked": {
        "lastModified": 1790947693,
        "narHash": "sha256-adGUcacuQYkkCx0KYTrt2/mYFT/GQLWOsWyYnkcM9po=",
        "owner": "Filippo-Galli",
        "repo": "torch-test-case",
        "rev": "5cff130c331d33be8e1c326149ed7b0445ddfa92",
        "type": "github"
      },
      "original": {
        "owner": "Filippo-Galli",
        "repo": "torch-test-case",
        "type": "github"
      }
    },
    "zuko": {
      "inputs": {
        "nixpkgs": [
          "nixpkgs"
        ]
      },
      "locked": {
        "lastModified": 1790946245,
        "narHash": "sha256-zDFXAa5lKJTQuWbCTaYD5mQCYwKhu5FT/rLmT6+wXrU=",
        "owner": "Filippo-Galli",
        "repo": "zuko",
        "rev": "454eac9abaf9076fd137e1ba59cd6a4895de34b6",
        "type": "github"
      },
      "original": {
        "owner": "Filippo-Galli",
        "repo": "zuko",
        "type": "github"
      }
    }
  },
  "root": "root",
  "version": 7
}
